
Microsoft Visual Studio Solution File, Format Version 12.00
# Visual Studio Version 17
VisualStudioVersion = 17.12.35527.113
MinimumVisualStudioVersion = 10.0.40219.1
Project("{2150E333-8FDC-42A3-9474-1A3956D46DE8}") = "src", "src", "{1FF45308-A018-4647-86AE-8DA8769DABF7}"
EndProject
Project("{2150E333-8FDC-42A3-9474-1A3956D46DE8}") = "UI", "UI", "{0B0933AC-660A-487E-927B-26C9B35A88BD}"
EndProject
Project("{2150E333-8FDC-42A3-9474-1A3956D46DE8}") = "Core", "Core", "{B8B519AC-8DD2-4A09-B288-69C3AB639907}"
EndProject
Project("{2150E333-8FDC-42A3-9474-1A3956D46DE8}") = "API", "API", "{1C783223-A596-4FE6-9B46-38D9DCD77735}"
EndProject
Project("{2150E333-8FDC-42A3-9474-1A3956D46DE8}") = "Infrastructure", "Infrastructure", "{46C1288F-CDD6-4B27-81E6-3C53F85E3B03}"
EndProject
Project("{2150E333-8FDC-42A3-9474-1A3956D46DE8}") = "test", "test", "{DCBABE36-50AE-433A-981B-59519B0BA089}"
EndProject
Project("{FAE04EC0-301F-11D3-BF4B-00C04F79EFBC}") = "Tasks.API", "Tasks.API\Tasks.API.csproj", "{4919B69C-28EF-4551-95E9-0C87D9A7B696}"
EndProject
Project("{FAE04EC0-301F-11D3-BF4B-00C04F79EFBC}") = "Tasks.Application", "Tasks.Application\Tasks.Application.csproj", "{1BAC6EDD-8591-45DE-900B-7968330CB47E}"
EndProject
Project("{FAE04EC0-301F-11D3-BF4B-00C04F79EFBC}") = "Tasks.Domain", "Tasks.Domain\Tasks.Domain.csproj", "{00E265DA-9CCD-489F-A1C1-490B4F41E03B}"
EndProject
Project("{FAE04EC0-301F-11D3-BF4B-00C04F79EFBC}") = "Tasks.Persistence", "Tasks.Persistence\Tasks.Persistence.csproj", "{602D1140-BA17-4D95-99A8-23D2A46F24EE}"
EndProject
Project("{FAE04EC0-301F-11D3-BF4B-00C04F79EFBC}") = "Tasks.MVC", "Tasks.MVC\Tasks.MVC.csproj", "{BF10D9B7-840A-4378-8027-EC8421951F68}"
EndProject
Project("{2150E333-8FDC-42A3-9474-1A3956D46DE8}") = "Library", "Library", "{8A365743-CB06-4BC2-8430-B5B539E4738C}"
EndProject
Project("{FAE04EC0-301F-11D3-BF4B-00C04F79EFBC}") = "Shared.Library", "Shared.Library\Shared.Library.csproj", "{19421499-3264-438C-9343-A346204B4127}"
EndProject
Global
	GlobalSection(SolutionConfigurationPlatforms) = preSolution
		Debug|Any CPU = Debug|Any CPU
		Release|Any CPU = Release|Any CPU
	EndGlobalSection
	GlobalSection(ProjectConfigurationPlatforms) = postSolution
		{4919B69C-28EF-4551-95E9-0C87D9A7B696}.Debug|Any CPU.ActiveCfg = Debug|Any CPU
		{4919B69C-28EF-4551-95E9-0C87D9A7B696}.Debug|Any CPU.Build.0 = Debug|Any CPU
		{4919B69C-28EF-4551-95E9-0C87D9A7B696}.Release|Any CPU.ActiveCfg = Release|Any CPU
		{4919B69C-28EF-4551-95E9-0C87D9A7B696}.Release|Any CPU.Build.0 = Release|Any CPU
		{1BAC6EDD-8591-45DE-900B-7968330CB47E}.Debug|Any CPU.ActiveCfg = Debug|Any CPU
		{1BAC6EDD-8591-45DE-900B-7968330CB47E}.Debug|Any CPU.Build.0 = Debug|Any CPU
		{1BAC6EDD-8591-45DE-900B-7968330CB47E}.Release|Any CPU.ActiveCfg = Release|Any CPU
		{1BAC6EDD-8591-45DE-900B-7968330CB47E}.Release|Any CPU.Build.0 = Release|Any CPU
		{00E265DA-9CCD-489F-A1C1-490B4F41E03B}.Debug|Any CPU.ActiveCfg = Debug|Any CPU
		{00E265DA-9CCD-489F-A1C1-490B4F41E03B}.Debug|Any CPU.Build.0 = Debug|Any CPU
		{00E265DA-9CCD-489F-A1C1-490B4F41E03B}.Release|Any CPU.ActiveCfg = Release|Any CPU
		{00E265DA-9CCD-489F-A1C1-490B4F41E03B}.Release|Any CPU.Build.0 = Release|Any CPU
		{602D1140-BA17-4D95-99A8-23D2A46F24EE}.Debug|Any CPU.ActiveCfg = Debug|Any CPU
		{602D1140-BA17-4D95-99A8-23D2A46F24EE}.Debug|Any CPU.Build.0 = Debug|Any CPU
		{602D1140-BA17-4D95-99A8-23D2A46F24EE}.Release|Any CPU.ActiveCfg = Release|Any CPU
		{602D1140-BA17-4D95-99A8-23D2A46F24EE}.Release|Any CPU.Build.0 = Release|Any CPU
		{BF10D9B7-840A-4378-8027-EC8421951F68}.Debug|Any CPU.ActiveCfg = Debug|Any CPU
		{BF10D9B7-840A-4378-8027-EC8421951F68}.Debug|Any CPU.Build.0 = Debug|Any CPU
		{BF10D9B7-840A-4378-8027-EC8421951F68}.Release|Any CPU.ActiveCfg = Release|Any CPU
		{BF10D9B7-840A-4378-8027-EC8421951F68}.Release|Any CPU.Build.0 = Release|Any CPU
		{19421499-3264-438C-9343-A346204B4127}.Debug|Any CPU.ActiveCfg = Debug|Any CPU
		{19421499-3264-438C-9343-A346204B4127}.Debug|Any CPU.Build.0 = Debug|Any CPU
		{19421499-3264-438C-9343-A346204B4127}.Release|Any CPU.ActiveCfg = Release|Any CPU
		{19421499-3264-438C-9343-A346204B4127}.Release|Any CPU.Build.0 = Release|Any CPU
	EndGlobalSection
	GlobalSection(SolutionProperties) = preSolution
		HideSolutionNode = FALSE
	EndGlobalSection
	GlobalSection(NestedProjects) = preSolution
		{0B0933AC-660A-487E-927B-26C9B35A88BD} = {1FF45308-A018-4647-86AE-8DA8769DABF7}
		{B8B519AC-8DD2-4A09-B288-69C3AB639907} = {1FF45308-A018-4647-86AE-8DA8769DABF7}
		{1C783223-A596-4FE6-9B46-38D9DCD77735} = {1FF45308-A018-4647-86AE-8DA8769DABF7}
		{46C1288F-CDD6-4B27-81E6-3C53F85E3B03} = {1FF45308-A018-4647-86AE-8DA8769DABF7}
		{4919B69C-28EF-4551-95E9-0C87D9A7B696} = {1C783223-A596-4FE6-9B46-38D9DCD77735}
		{1BAC6EDD-8591-45DE-900B-7968330CB47E} = {B8B519AC-8DD2-4A09-B288-69C3AB639907}
		{00E265DA-9CCD-489F-A1C1-490B4F41E03B} = {B8B519AC-8DD2-4A09-B288-69C3AB639907}
		{602D1140-BA17-4D95-99A8-23D2A46F24EE} = {46C1288F-CDD6-4B27-81E6-3C53F85E3B03}
		{BF10D9B7-840A-4378-8027-EC8421951F68} = {0B0933AC-660A-487E-927B-26C9B35A88BD}
		{8A365743-CB06-4BC2-8430-B5B539E4738C} = {1FF45308-A018-4647-86AE-8DA8769DABF7}
		{19421499-3264-438C-9343-A346204B4127} = {8A365743-CB06-4BC2-8430-B5B539E4738C}
	EndGlobalSection
EndGlobal
